
Microsoft Visual Studio Solution File, Format Version 12.00
# Visual Studio Version 17
VisualStudioVersion = 17.7.34018.315
MinimumVisualStudioVersion = 10.0.40219.1
Project("{FAE04EC0-301F-11D3-BF4B-00C04F79EFBC}") = "Tic-Tac-Toesies", "Tic-Tac-Toesies.csproj", "{91ED481F-DD16-4EBC-AB7F-099E18BBA017}"
EndProject
Global
	GlobalSection(SolutionConfigurationPlatforms) = preSolution
		Debug|Any CPU = Debug|Any CPU
		Release|Any CPU = Release|Any CPU
	EndGlobalSection
	GlobalSection(ProjectConfigurationPlatforms) = postSolution
		{91ED481F-DD16-4EBC-AB7F-099E18BBA017}.Debug|Any CPU.ActiveCfg = Debug|Any CPU
		{91ED481F-DD16-4EBC-AB7F-099E18BBA017}.Debug|Any CPU.Build.0 = Debug|Any CPU
		{91ED481F-DD16-4EBC-AB7F-099E18BBA017}.Release|Any CPU.ActiveCfg = Release|Any CPU
		{91ED481F-DD16-4EBC-AB7F-099E18BBA017}.Release|Any CPU.Build.0 = Release|Any CPU
	EndGlobalSection
	GlobalSection(SolutionProperties) = preSolution
		HideSolutionNode = FALSE
	EndGlobalSection
	GlobalSection(ExtensibilityGlobals) = postSolution
		SolutionGuid = {502B99BF-F045-42DA-A591-7982C739B2FA}
	EndGlobalSection
EndGlobal
